
Microsoft Visual Studio Solution File, Format Version 12.00
# Visual Studio Version 17
VisualStudioVersion = 17.0.31903.59
MinimumVisualStudioVersion = 10.0.40219.1
Project("{F2A71F9B-5D33-465A-A702-920D77279786}") = "Chapter 7 (Imp & MicroC)", "Chapter 7 (Imp & MicroC).fsproj", "{9C9E4B51-69C7-415B-A6BF-06CAFDB1DF08}"
EndProject
Global
	GlobalSection(SolutionConfigurationPlatforms) = preSolution
		Debug|Any CPU = Debug|Any CPU
		Release|Any CPU = Release|Any CPU
	EndGlobalSection
	GlobalSection(SolutionProperties) = preSolution
		HideSolutionNode = FALSE
	EndGlobalSection
	GlobalSection(ProjectConfigurationPlatforms) = postSolution
		{9C9E4B51-69C7-415B-A6BF-06CAFDB1DF08}.Debug|Any CPU.ActiveCfg = Debug|Any CPU
		{9C9E4B51-69C7-415B-A6BF-06CAFDB1DF08}.Debug|Any CPU.Build.0 = Debug|Any CPU
		{9C9E4B51-69C7-415B-A6BF-06CAFDB1DF08}.Release|Any CPU.ActiveCfg = Release|Any CPU
		{9C9E4B51-69C7-415B-A6BF-06CAFDB1DF08}.Release|Any CPU.Build.0 = Release|Any CPU
	EndGlobalSection
EndGlobal
