
Microsoft Visual Studio Solution File, Format Version 12.00
# Visual Studio Version 17
VisualStudioVersion = 17.0.31903.59
MinimumVisualStudioVersion = 10.0.40219.1
Project("{F2A71F9B-5D33-465A-A702-920D77279786}") = "Chapter 12 (MicroC Backwards)", "Chapter 12 (MicroC Backwards).fsproj", "{222A03F3-D335-4204-957B-551879D3B76D}"
EndProject
Global
	GlobalSection(SolutionConfigurationPlatforms) = preSolution
		Debug|Any CPU = Debug|Any CPU
		Release|Any CPU = Release|Any CPU
	EndGlobalSection
	GlobalSection(SolutionProperties) = preSolution
		HideSolutionNode = FALSE
	EndGlobalSection
	GlobalSection(ProjectConfigurationPlatforms) = postSolution
		{222A03F3-D335-4204-957B-551879D3B76D}.Debug|Any CPU.ActiveCfg = Debug|Any CPU
		{222A03F3-D335-4204-957B-551879D3B76D}.Debug|Any CPU.Build.0 = Debug|Any CPU
		{222A03F3-D335-4204-957B-551879D3B76D}.Release|Any CPU.ActiveCfg = Release|Any CPU
		{222A03F3-D335-4204-957B-551879D3B76D}.Release|Any CPU.Build.0 = Release|Any CPU
	EndGlobalSection
EndGlobal
